// !$*UTF8*$!
{
	archiveVersion = 1;
	classes = {
	};
	objectVersion = 56;
	objects = {

/* Begin PBXBuildFile section */
		0020FDA7290B5E4900DA4108 /* Kingfisher in Frameworks */ = {isa = PBXBuildFile; productRef = 0020FDA6290B5E4900DA4108 /* Kingfisher */; };
		0020FDCE291063D500DA4108 /* MovieCell.swift in Sources */ = {isa = PBXBuildFile; fileRef = 0020FDCC291063D500DA4108 /* MovieCell.swift */; };
		0020FDCF291063D500DA4108 /* MovieCell.xib in Resources */ = {isa = PBXBuildFile; fileRef = 0020FDCD291063D500DA4108 /* MovieCell.xib */; };
		0020FDD2291072ED00DA4108 /* ApiService.swift in Sources */ = {isa = PBXBuildFile; fileRef = 0020FDD1291072ED00DA4108 /* ApiService.swift */; };
		0020FDD5291076BA00DA4108 /* MovieDetailViewController.swift in Sources */ = {isa = PBXBuildFile; fileRef = 0020FDD3291076BA00DA4108 /* MovieDetailViewController.swift */; };
		0020FDD6291076BA00DA4108 /* MovieDetailViewController.xib in Resources */ = {isa = PBXBuildFile; fileRef = 0020FDD4291076BA00DA4108 /* MovieDetailViewController.xib */; };
		00626D8C290B11C20086E4A2 /* AppDelegate.swift in Sources */ = {isa = PBXBuildFile; fileRef = 00626D8B290B11C20086E4A2 /* AppDelegate.swift */; };
		00626D8E290B11C20086E4A2 /* SceneDelegate.swift in Sources */ = {isa = PBXBuildFile; fileRef = 00626D8D290B11C20086E4A2 /* SceneDelegate.swift */; };
		00626D90290B11C20086E4A2 /* ViewController.swift in Sources */ = {isa = PBXBuildFile; fileRef = 00626D8F290B11C20086E4A2 /* ViewController.swift */; };
		00626D93290B11C20086E4A2 /* Main.storyboard in Resources */ = {isa = PBXBuildFile; fileRef = 00626D91290B11C20086E4A2 /* Main.storyboard */; };
		00626D95290B11C30086E4A2 /* Assets.xcassets in Resources */ = {isa = PBXBuildFile; fileRef = 00626D94290B11C30086E4A2 /* Assets.xcassets */; };
		00626D98290B11C30086E4A2 /* LaunchScreen.storyboard in Resources */ = {isa = PBXBuildFile; fileRef = 00626D96290B11C30086E4A2 /* LaunchScreen.storyboard */; };
		00626DA7290B2A9D0086E4A2 /* Movie.swift in Sources */ = {isa = PBXBuildFile; fileRef = 00626DA6290B2A9D0086E4A2 /* Movie.swift */; };
/* End PBXBuildFile section */

/* Begin PBXFileReference section */
		0020FDCC291063D500DA4108 /* MovieCell.swift */ = {isa = PBXFileReference; lastKnownFileType = sourcecode.swift; path = MovieCell.swift; sourceTree = "<group>"; };
		0020FDCD291063D500DA4108 /* MovieCell.xib */ = {isa = PBXFileReference; lastKnownFileType = file.xib; path = MovieCell.xib; sourceTree = "<group>"; };
		0020FDD1291072ED00DA4108 /* ApiService.swift */ = {isa = PBXFileReference; lastKnownFileType = sourcecode.swift; path = ApiService.swift; sourceTree = "<group>"; };
		0020FDD3291076BA00DA4108 /* MovieDetailViewController.swift */ = {isa = PBXFileReference; lastKnownFileType = sourcecode.swift; path = MovieDetailViewController.swift; sourceTree = "<group>"; };
		0020FDD4291076BA00DA4108 /* MovieDetailViewController.xib */ = {isa = PBXFileReference; lastKnownFileType = file.xib; path = MovieDetailViewController.xib; sourceTree = "<group>"; };
		00626D88290B11C20086E4A2 /* StantMovieDb.app */ = {isa = PBXFileReference; explicitFileType = wrapper.application; includeInIndex = 0; path = StantMovieDb.app; sourceTree = BUILT_PRODUCTS_DIR; };
		00626D8B290B11C20086E4A2 /* AppDelegate.swift */ = {isa = PBXFileReference; lastKnownFileType = sourcecode.swift; path = AppDelegate.swift; sourceTree = "<group>"; };
		00626D8D290B11C20086E4A2 /* SceneDelegate.swift */ = {isa = PBXFileReference; lastKnownFileType = sourcecode.swift; path = SceneDelegate.swift; sourceTree = "<group>"; };
		00626D8F290B11C20086E4A2 /* ViewController.swift */ = {isa = PBXFileReference; lastKnownFileType = sourcecode.swift; path = ViewController.swift; sourceTree = "<group>"; };
		00626D92290B11C20086E4A2 /* Base */ = {isa = PBXFileReference; lastKnownFileType = file.storyboard; name = Base; path = Base.lproj/Main.storyboard; sourceTree = "<group>"; };
		00626D94290B11C30086E4A2 /* Assets.xcassets */ = {isa = PBXFileReference; lastKnownFileType = folder.assetcatalog; path = Assets.xcassets; sourceTree = "<group>"; };
		00626D97290B11C30086E4A2 /* Base */ = {isa = PBXFileReference; lastKnownFileType = file.storyboard; name = Base; path = Base.lproj/LaunchScreen.storyboard; sourceTree = "<group>"; };
		00626D99290B11C30086E4A2 /* Info.plist */ = {isa = PBXFileReference; lastKnownFileType = text.plist.xml; path = Info.plist; sourceTree = "<group>"; };
		00626DA6290B2A9D0086E4A2 /* Movie.swift */ = {isa = PBXFileReference; lastKnownFileType = sourcecode.swift; path = Movie.swift; sourceTree = "<group>"; };
/* End PBXFileReference section */

/* Begin PBXFrameworksBuildPhase section */
		00626D85290B11C20086E4A2 /* Frameworks */ = {
			isa = PBXFrameworksBuildPhase;
			buildActionMask = 2147483647;
			files = (
				0020FDA7290B5E4900DA4108 /* Kingfisher in Frameworks */,
			);
			runOnlyForDeploymentPostprocessing = 0;
		};
/* End PBXFrameworksBuildPhase section */

/* Begin PBXGroup section */
		0020FDD0291072E200DA4108 /* Service */ = {
			isa = PBXGroup;
			children = (
				0020FDD1291072ED00DA4108 /* ApiService.swift */,
			);
			path = Service;
			sourceTree = "<group>";
		};
		00626D7F290B11C20086E4A2 = {
			isa = PBXGroup;
			children = (
				00626D8A290B11C20086E4A2 /* StantMovieDb */,
				00626D89290B11C20086E4A2 /* Products */,
			);
			sourceTree = "<group>";
		};
		00626D89290B11C20086E4A2 /* Products */ = {
			isa = PBXGroup;
			children = (
				00626D88290B11C20086E4A2 /* StantMovieDb.app */,
			);
			name = Products;
			sourceTree = "<group>";
		};
		00626D8A290B11C20086E4A2 /* StantMovieDb */ = {
			isa = PBXGroup;
			children = (
				0020FDD0291072E200DA4108 /* Service */,
				00626DA3290B153A0086E4A2 /* SceneDelegate */,
				00626DA2290B152E0086E4A2 /* AppDelegate */,
				00626DA1290B15230086E4A2 /* Resources */,
				00626DA0290B15110086E4A2 /* Models */,
				00626D9F290B15040086E4A2 /* Screens */,
			);
			path = StantMovieDb;
			sourceTree = "<group>";
		};
		00626D9F290B15040086E4A2 /* Screens */ = {
			isa = PBXGroup;
			children = (
				00626D8F290B11C20086E4A2 /* ViewController.swift */,
				00626D91290B11C20086E4A2 /* Main.storyboard */,
				00626D96290B11C30086E4A2 /* LaunchScreen.storyboard */,
				0020FDCC291063D500DA4108 /* MovieCell.swift */,
				0020FDCD291063D500DA4108 /* MovieCell.xib */,
				0020FDD3291076BA00DA4108 /* MovieDetailViewController.swift */,
				0020FDD4291076BA00DA4108 /* MovieDetailViewController.xib */,
			);
			path = Screens;
			sourceTree = "<group>";
		};
		00626DA0290B15110086E4A2 /* Models */ = {
			isa = PBXGroup;
			children = (
				00626DA6290B2A9D0086E4A2 /* Movie.swift */,
			);
			path = Models;
			sourceTree = "<group>";
		};
		00626DA1290B15230086E4A2 /* Resources */ = {
			isa = PBXGroup;
			children = (
				00626D94290B11C30086E4A2 /* Assets.xcassets */,
				00626D99290B11C30086E4A2 /* Info.plist */,
			);
			path = Resources;
			sourceTree = "<group>";
		};
		00626DA2290B152E0086E4A2 /* AppDelegate */ = {
			isa = PBXGroup;
			children = (
				00626D8B290B11C20086E4A2 /* AppDelegate.swift */,
			);
			path = AppDelegate;
			sourceTree = "<group>";
		};
		00626DA3290B153A0086E4A2 /* SceneDelegate */ = {
			isa = PBXGroup;
			children = (
				00626D8D290B11C20086E4A2 /* SceneDelegate.swift */,
			);
			path = SceneDelegate;
			sourceTree = "<group>";
		};
/* End PBXGroup section */

/* Begin PBXNativeTarget section */
		00626D87290B11C20086E4A2 /* StantMovieDb */ = {
			isa = PBXNativeTarget;
			buildConfigurationList = 00626D9C290B11C30086E4A2 /* Build configuration list for PBXNativeTarget "StantMovieDb" */;
			buildPhases = (
				00626D84290B11C20086E4A2 /* Sources */,
				00626D85290B11C20086E4A2 /* Frameworks */,
				00626D86290B11C20086E4A2 /* Resources */,
			);
			buildRules = (
			);
			dependencies = (
			);
			name = StantMovieDb;
			packageProductDependencies = (
				0020FDA6290B5E4900DA4108 /* Kingfisher */,
			);
			productName = StantMovieDb;
			productReference = 00626D88290B11C20086E4A2 /* StantMovieDb.app */;
			productType = "com.apple.product-type.application";
		};
/* End PBXNativeTarget section */

/* Begin PBXProject section */
		00626D80290B11C20086E4A2 /* Project object */ = {
			isa = PBXProject;
			attributes = {
				BuildIndependentTargetsInParallel = 1;
				LastSwiftUpdateCheck = 1400;
				LastUpgradeCheck = 1400;
				TargetAttributes = {
					00626D87290B11C20086E4A2 = {
						CreatedOnToolsVersion = 14.0.1;
					};
				};
			};
			buildConfigurationList = 00626D83290B11C20086E4A2 /* Build configuration list for PBXProject "StantMovieDb" */;
			compatibilityVersion = "Xcode 14.0";
			developmentRegion = en;
			hasScannedForEncodings = 0;
			knownRegions = (
				en,
				Base,
			);
			mainGroup = 00626D7F290B11C20086E4A2;
			packageReferences = (
				0020FDA5290B5E4900DA4108 /* XCRemoteSwiftPackageReference "Kingfisher" */,
			);
			productRefGroup = 00626D89290B11C20086E4A2 /* Products */;
			projectDirPath = "";
			projectRoot = "";
			targets = (
				00626D87290B11C20086E4A2 /* StantMovieDb */,
			);
		};
/* End PBXProject section */

/* Begin PBXResourcesBuildPhase section */
		00626D86290B11C20086E4A2 /* Resources */ = {
			isa = PBXResourcesBuildPhase;
			buildActionMask = 2147483647;
			files = (
				0020FDD6291076BA00DA4108 /* MovieDetailViewController.xib in Resources */,
				00626D98290B11C30086E4A2 /* LaunchScreen.storyboard in Resources */,
				00626D95290B11C30086E4A2 /* Assets.xcassets in Resources */,
				0020FDCF291063D500DA4108 /* MovieCell.xib in Resources */,
				00626D93290B11C20086E4A2 /* Main.storyboard in Resources */,
			);
			runOnlyForDeploymentPostprocessing = 0;
		};
/* End PBXResourcesBuildPhase section */

/* Begin PBXSourcesBuildPhase section */
		00626D84290B11C20086E4A2 /* Sources */ = {
			isa = PBXSourcesBuildPhase;
			buildActionMask = 2147483647;
			files = (
				00626D90290B11C20086E4A2 /* ViewController.swift in Sources */,
				00626D8C290B11C20086E4A2 /* AppDelegate.swift in Sources */,
				0020FDD2291072ED00DA4108 /* ApiService.swift in Sources */,
				00626DA7290B2A9D0086E4A2 /* Movie.swift in Sources */,
				0020FDD5291076BA00DA4108 /* MovieDetailViewController.swift in Sources */,
				0020FDCE291063D500DA4108 /* MovieCell.swift in Sources */,
				00626D8E290B11C20086E4A2 /* SceneDelegate.swift in Sources */,
			);
			runOnlyForDeploymentPostprocessing = 0;
		};
/* End PBXSourcesBuildPhase section */

/* Begin PBXVariantGroup section */
		00626D91290B11C20086E4A2 /* Main.storyboard */ = {
			isa = PBXVariantGroup;
			children = (
				00626D92290B11C20086E4A2 /* Base */,
			);
			name = Main.storyboard;
			sourceTree = "<group>";
		};
		00626D96290B11C30086E4A2 /* LaunchScreen.storyboard */ = {
			isa = PBXVariantGroup;
			children = (
				00626D97290B11C30086E4A2 /* Base */,
			);
			name = LaunchScreen.storyboard;
			sourceTree = "<group>";
		};
/* End PBXVariantGroup section */

/* Begin XCBuildConfiguration section */
		00626D9A290B11C30086E4A2 /* Debug */ = {
			isa = XCBuildConfiguration;
			buildSettings = {
				ALWAYS_SEARCH_USER_PATHS = NO;
				CLANG_ANALYZER_NONNULL = YES;
				CLANG_ANALYZER_NUMBER_OBJECT_CONVERSION = YES_AGGRESSIVE;
				CLANG_CXX_LANGUAGE_STANDARD = "gnu++20";
				CLANG_ENABLE_MODULES = YES;
				CLANG_ENABLE_OBJC_ARC = YES;
				CLANG_ENABLE_OBJC_WEAK = YES;
				CLANG_WARN_BLOCK_CAPTURE_AUTORELEASING = YES;
				CLANG_WARN_BOOL_CONVERSION = YES;
				CLANG_WARN_COMMA = YES;
				CLANG_WARN_CONSTANT_CONVERSION = YES;
				CLANG_WARN_DEPRECATED_OBJC_IMPLEMENTATIONS = YES;
				CLANG_WARN_DIRECT_OBJC_ISA_USAGE = YES_ERROR;
				CLANG_WARN_DOCUMENTATION_COMMENTS = YES;
				CLANG_WARN_EMPTY_BODY = YES;
				CLANG_WARN_ENUM_CONVERSION = YES;
				CLANG_WARN_INFINITE_RECURSION = YES;
				CLANG_WARN_INT_CONVERSION = YES;
				CLANG_WARN_NON_LITERAL_NULL_CONVERSION = YES;
				CLANG_WARN_OBJC_IMPLICIT_RETAIN_SELF = YES;
				CLANG_WARN_OBJC_LITERAL_CONVERSION = YES;
				CLANG_WARN_OBJC_ROOT_CLASS = YES_ERROR;
				CLANG_WARN_QUOTED_INCLUDE_IN_FRAMEWORK_HEADER = YES;
				CLANG_WARN_RANGE_LOOP_ANALYSIS = YES;
				CLANG_WARN_STRICT_PROTOTYPES = YES;
				CLANG_WARN_SUSPICIOUS_MOVE = YES;
				CLANG_WARN_UNGUARDED_AVAILABILITY = YES_AGGRESSIVE;
				CLANG_WARN_UNREACHABLE_CODE = YES;
				CLANG_WARN__DUPLICATE_METHOD_MATCH = YES;
				COPY_PHASE_STRIP = NO;
				DEBUG_INFORMATION_FORMAT = dwarf;
				ENABLE_STRICT_OBJC_MSGSEND = YES;
				ENABLE_TESTABILITY = YES;
				GCC_C_LANGUAGE_STANDARD = gnu11;
				GCC_DYNAMIC_NO_PIC = NO;
				GCC_NO_COMMON_BLOCKS = YES;
				GCC_OPTIMIZATION_LEVEL = 0;
				GCC_PREPROCESSOR_DEFINITIONS = (
					"DEBUG=1",
					"$(inherited)",
				);
				GCC_WARN_64_TO_32_BIT_CONVERSION = YES;
				GCC_WARN_ABOUT_RETURN_TYPE = YES_ERROR;
				GCC_WARN_UNDECLARED_SELECTOR = YES;
				GCC_WARN_UNINITIALIZED_AUTOS = YES_AGGRESSIVE;
				GCC_WARN_UNUSED_FUNCTION = YES;
				GCC_WARN_UNUSED_VARIABLE = YES;
				IPHONEOS_DEPLOYMENT_TARGET = 16.0;
				MTL_ENABLE_DEBUG_INFO = INCLUDE_SOURCE;
				MTL_FAST_MATH = YES;
				ONLY_ACTIVE_ARCH = YES;
				SDKROOT = iphoneos;
				SWIFT_ACTIVE_COMPILATION_CONDITIONS = DEBUG;
				SWIFT_OPTIMIZATION_LEVEL = "-Onone";
			};
			name = Debug;
		};
		00626D9B290B11C30086E4A2 /* Release */ = {
			isa = XCBuildConfiguration;
			buildSettings = {
				ALWAYS_SEARCH_USER_PATHS = NO;
				CLANG_ANALYZER_NONNULL = YES;
				CLANG_ANALYZER_NUMBER_OBJECT_CONVERSION = YES_AGGRESSIVE;
				CLANG_CXX_LANGUAGE_STANDARD = "gnu++20";
				CLANG_ENABLE_MODULES = YES;
				CLANG_ENABLE_OBJC_ARC = YES;
				CLANG_ENABLE_OBJC_WEAK = YES;
				CLANG_WARN_BLOCK_CAPTURE_AUTORELEASING = YES;
				CLANG_WARN_BOOL_CONVERSION = YES;
				CLANG_WARN_COMMA = YES;
				CLANG_WARN_CONSTANT_CONVERSION = YES;
				CLANG_WARN_DEPRECATED_OBJC_IMPLEMENTATIONS = YES;
				CLANG_WARN_DIRECT_OBJC_ISA_USAGE = YES_ERROR;
				CLANG_WARN_DOCUMENTATION_COMMENTS = YES;
				CLANG_WARN_EMPTY_BODY = YES;
				CLANG_WARN_ENUM_CONVERSION = YES;
				CLANG_WARN_INFINITE_RECURSION = YES;
				CLANG_WARN_INT_CONVERSION = YES;
				CLANG_WARN_NON_LITERAL_NULL_CONVERSION = YES;
				CLANG_WARN_OBJC_IMPLICIT_RETAIN_SELF = YES;
				CLANG_WARN_OBJC_LITERAL_CONVERSION = YES;
				CLANG_WARN_OBJC_ROOT_CLASS = YES_ERROR;
				CLANG_WARN_QUOTED_INCLUDE_IN_FRAMEWORK_HEADER = YES;
				CLANG_WARN_RANGE_LOOP_ANALYSIS = YES;
				CLANG_WARN_STRICT_PROTOTYPES = YES;
				CLANG_WARN_SUSPICIOUS_MOVE = YES;
				CLANG_WARN_UNGUARDED_AVAILABILITY = YES_AGGRESSIVE;
				CLANG_WARN_UNREACHABLE_CODE = YES;
				CLANG_WARN__DUPLICATE_METHOD_MATCH = YES;
				COPY_PHASE_STRIP = NO;
				DEBUG_INFORMATION_FORMAT = "dwarf-with-dsym";
				ENABLE_NS_ASSERTIONS = NO;
				ENABLE_STRICT_OBJC_MSGSEND = YES;
				GCC_C_LANGUAGE_STANDARD = gnu11;
				GCC_NO_COMMON_BLOCKS = YES;
				GCC_WARN_64_TO_32_BIT_CONVERSION = YES;
				GCC_WARN_ABOUT_RETURN_TYPE = YES_ERROR;
				GCC_WARN_UNDECLARED_SELECTOR = YES;
				GCC_WARN_UNINITIALIZED_AUTOS = YES_AGGRESSIVE;
				GCC_WARN_UNUSED_FUNCTION = YES;
				GCC_WARN_UNUSED_VARIABLE = YES;
				IPHONEOS_DEPLOYMENT_TARGET = 16.0;
				MTL_ENABLE_DEBUG_INFO = NO;
				MTL_FAST_MATH = YES;
				SDKROOT = iphoneos;
				SWIFT_COMPILATION_MODE = wholemodule;
				SWIFT_OPTIMIZATION_LEVEL = "-O";
				VALIDATE_PRODUCT = YES;
			};
			name = Release;
		};
		00626D9D290B11C30086E4A2 /* Debug */ = {
			isa = XCBuildConfiguration;
			buildSettings = {
				ASSETCATALOG_COMPILER_APPICON_NAME = AppIcon;
				ASSETCATALOG_COMPILER_GLOBAL_ACCENT_COLOR_NAME = AccentColor;
				CODE_SIGN_STYLE = Automatic;
				CURRENT_PROJECT_VERSION = 1;
				GENERATE_INFOPLIST_FILE = YES;
				INFOPLIST_FILE = StantMovieDb/Resources/Info.plist;
				INFOPLIST_KEY_UIApplicationSupportsIndirectInputEvents = YES;
				INFOPLIST_KEY_UILaunchStoryboardName = LaunchScreen;
				INFOPLIST_KEY_UIMainStoryboardFile = Main;
				INFOPLIST_KEY_UISupportedInterfaceOrientations = UIInterfaceOrientationPortrait;
				LD_RUNPATH_SEARCH_PATHS = (
					"$(inherited)",
					"@executable_path/Frameworks",
				);
				MARKETING_VERSION = 1.0;
				PRODUCT_BUNDLE_IDENTIFIER = com.gdx.StantMovieDb;
				PRODUCT_NAME = "$(TARGET_NAME)";
				SWIFT_EMIT_LOC_STRINGS = YES;
				SWIFT_VERSION = 5.0;
				TARGETED_DEVICE_FAMILY = "1,2";
			};
			name = Debug;
		};
		00626D9E290B11C30086E4A2 /* Release */ = {
			isa = XCBuildConfiguration;
			buildSettings = {
				ASSETCATALOG_COMPILER_APPICON_NAME = AppIcon;
				ASSETCATALOG_COMPILER_GLOBAL_ACCENT_COLOR_NAME = AccentColor;
				CODE_SIGN_STYLE = Automatic;
				CURRENT_PROJECT_VERSION = 1;
				GENERATE_INFOPLIST_FILE = YES;
				INFOPLIST_FILE = StantMovieDb/Resources/Info.plist;
				INFOPLIST_KEY_UIApplicationSupportsIndirectInputEvents = YES;
				INFOPLIST_KEY_UILaunchStoryboardName = LaunchScreen;
				INFOPLIST_KEY_UIMainStoryboardFile = Main;
				INFOPLIST_KEY_UISupportedInterfaceOrientations = UIInterfaceOrientationPortrait;
				LD_RUNPATH_SEARCH_PATHS = (
					"$(inherited)",
					"@executable_path/Frameworks",
				);
				MARKETING_VERSION = 1.0;
				PRODUCT_BUNDLE_IDENTIFIER = com.gdx.StantMovieDb;
				PRODUCT_NAME = "$(TARGET_NAME)";
				SWIFT_EMIT_LOC_STRINGS = YES;
				SWIFT_VERSION = 5.0;
				TARGETED_DEVICE_FAMILY = "1,2";
			};
			name = Release;
		};
/* End XCBuildConfiguration section */

/* Begin XCConfigurationList section */
		00626D83290B11C20086E4A2 /* Build configuration list for PBXProject "StantMovieDb" */ = {
			isa = XCConfigurationList;
			buildConfigurations = (
				00626D9A290B11C30086E4A2 /* Debug */,
				00626D9B290B11C30086E4A2 /* Release */,
			);
			defaultConfigurationIsVisible = 0;
			defaultConfigurationName = Release;
		};
		00626D9C290B11C30086E4A2 /* Build configuration list for PBXNativeTarget "StantMovieDb" */ = {
			isa = XCConfigurationList;
			buildConfigurations = (
				00626D9D290B11C30086E4A2 /* Debug */,
				00626D9E290B11C30086E4A2 /* Release */,
			);
			defaultConfigurationIsVisible = 0;
			defaultConfigurationName = Release;
		};
/* End XCConfigurationList section */

/* Begin XCRemoteSwiftPackageReference section */
		0020FDA5290B5E4900DA4108 /* XCRemoteSwiftPackageReference "Kingfisher" */ = {
			isa = XCRemoteSwiftPackageReference;
			repositoryURL = "https://github.com/onevcat/Kingfisher.git";
			requirement = {
				kind = upToNextMajorVersion;
				minimumVersion = 7.0.0;
			};
		};
/* End XCRemoteSwiftPackageReference section */

/* Begin XCSwiftPackageProductDependency section */
		0020FDA6290B5E4900DA4108 /* Kingfisher */ = {
			isa = XCSwiftPackageProductDependency;
			package = 0020FDA5290B5E4900DA4108 /* XCRemoteSwiftPackageReference "Kingfisher" */;
			productName = Kingfisher;
		};
/* End XCSwiftPackageProductDependency section */
	};
	rootObject = 00626D80290B11C20086E4A2 /* Project object */;
}
